
Microsoft Visual Studio Solution File, Format Version 12.00
# Visual Studio Version 17
Project("{2150E333-8FDC-42A3-9474-1A3956D46DE8}") = "CMakePredefinedTargets", "CMakePredefinedTargets", "{D1E6D326-7BB5-365D-8456-591659985EF4}"
EndProject
Project("{2150E333-8FDC-42A3-9474-1A3956D46DE8}") = "Project", "Project", "{E77D675E-90A9-3225-AEB1-717886B36EC3}"
EndProject
Project("{8BC9CEB8-8B4A-11D0-8D11-00A0C91BC942}") = "GameLauncher", "GameLauncher.vcxproj", "{9AA72DF5-EDC3-37F8-9484-1881A87C082A}"
	ProjectSection(ProjectDependencies) = postProject
		{00DF86F8-1B37-388E-B957-5FEA8B7C64CC} = {00DF86F8-1B37-388E-B957-5FEA8B7C64CC}
	EndProjectSection
EndProject
Project("{8BC9CEB8-8B4A-11D0-8D11-00A0C91BC942}") = "ALL_BUILD", "ALL_BUILD.vcxproj", "{E8BCB6E4-1CF8-3394-B75C-AAA72AA8BFE1}"
	ProjectSection(ProjectDependencies) = postProject
		{1281C34C-BB08-3ABF-9B1B-13D9747DB6B8} = {1281C34C-BB08-3ABF-9B1B-13D9747DB6B8}
		{8FEC3C07-3847-31E9-ABD9-32643BBCBE0D} = {8FEC3C07-3847-31E9-ABD9-32643BBCBE0D}
		{9AA72DF5-EDC3-37F8-9484-1881A87C082A} = {9AA72DF5-EDC3-37F8-9484-1881A87C082A}
		{D06982D8-5F98-3714-B2F6-E374EA88A382} = {D06982D8-5F98-3714-B2F6-E374EA88A382}
		{00DF86F8-1B37-388E-B957-5FEA8B7C64CC} = {00DF86F8-1B37-388E-B957-5FEA8B7C64CC}
	EndProjectSection
EndProject
Project("{8BC9CEB8-8B4A-11D0-8D11-00A0C91BC942}") = "Editor", "Editor.vcxproj", "{1281C34C-BB08-3ABF-9B1B-13D9747DB6B8}"
	ProjectSection(ProjectDependencies) = postProject
		{00DF86F8-1B37-388E-B957-5FEA8B7C64CC} = {00DF86F8-1B37-388E-B957-5FEA8B7C64CC}
	EndProjectSection
EndProject
Project("{8BC9CEB8-8B4A-11D0-8D11-00A0C91BC942}") = "Game", "Game.vcxproj", "{8FEC3C07-3847-31E9-ABD9-32643BBCBE0D}"
	ProjectSection(ProjectDependencies) = postProject
		{00DF86F8-1B37-388E-B957-5FEA8B7C64CC} = {00DF86F8-1B37-388E-B957-5FEA8B7C64CC}
	EndProjectSection
EndProject
Project("{8BC9CEB8-8B4A-11D0-8D11-00A0C91BC942}") = "GameServer", "GameServer.vcxproj", "{D06982D8-5F98-3714-B2F6-E374EA88A382}"
	ProjectSection(ProjectDependencies) = postProject
		{00DF86F8-1B37-388E-B957-5FEA8B7C64CC} = {00DF86F8-1B37-388E-B957-5FEA8B7C64CC}
	EndProjectSection
EndProject
Project("{8BC9CEB8-8B4A-11D0-8D11-00A0C91BC942}") = "INSTALL", "INSTALL.vcxproj", "{04139E88-9186-3833-8818-38921F73C31C}"
	ProjectSection(ProjectDependencies) = postProject
		{E8BCB6E4-1CF8-3394-B75C-AAA72AA8BFE1} = {E8BCB6E4-1CF8-3394-B75C-AAA72AA8BFE1}
		{00DF86F8-1B37-388E-B957-5FEA8B7C64CC} = {00DF86F8-1B37-388E-B957-5FEA8B7C64CC}
	EndProjectSection
EndProject
Project("{8BC9CEB8-8B4A-11D0-8D11-00A0C91BC942}") = "ZERO_CHECK", "ZERO_CHECK.vcxproj", "{00DF86F8-1B37-388E-B957-5FEA8B7C64CC}"
	ProjectSection(ProjectDependencies) = postProject
	EndProjectSection
EndProject
Global
	GlobalSection(SolutionConfigurationPlatforms) = preSolution
		Debug|x64 = Debug|x64
		Profile|x64 = Profile|x64
		Release|x64 = Release|x64
	EndGlobalSection
	GlobalSection(ProjectConfigurationPlatforms) = postSolution
		{9AA72DF5-EDC3-37F8-9484-1881A87C082A}.Debug|x64.ActiveCfg = Debug|x64
		{9AA72DF5-EDC3-37F8-9484-1881A87C082A}.Debug|x64.Build.0 = Debug|x64
		{9AA72DF5-EDC3-37F8-9484-1881A87C082A}.Profile|x64.ActiveCfg = Profile|x64
		{9AA72DF5-EDC3-37F8-9484-1881A87C082A}.Profile|x64.Build.0 = Profile|x64
		{9AA72DF5-EDC3-37F8-9484-1881A87C082A}.Release|x64.ActiveCfg = Release|x64
		{9AA72DF5-EDC3-37F8-9484-1881A87C082A}.Release|x64.Build.0 = Release|x64
		{E8BCB6E4-1CF8-3394-B75C-AAA72AA8BFE1}.Debug|x64.ActiveCfg = Debug|x64
		{E8BCB6E4-1CF8-3394-B75C-AAA72AA8BFE1}.Debug|x64.Build.0 = Debug|x64
		{E8BCB6E4-1CF8-3394-B75C-AAA72AA8BFE1}.Profile|x64.ActiveCfg = Profile|x64
		{E8BCB6E4-1CF8-3394-B75C-AAA72AA8BFE1}.Profile|x64.Build.0 = Profile|x64
		{E8BCB6E4-1CF8-3394-B75C-AAA72AA8BFE1}.Release|x64.ActiveCfg = Release|x64
		{E8BCB6E4-1CF8-3394-B75C-AAA72AA8BFE1}.Release|x64.Build.0 = Release|x64
		{1281C34C-BB08-3ABF-9B1B-13D9747DB6B8}.Debug|x64.ActiveCfg = Debug|x64
		{1281C34C-BB08-3ABF-9B1B-13D9747DB6B8}.Debug|x64.Build.0 = Debug|x64
		{1281C34C-BB08-3ABF-9B1B-13D9747DB6B8}.Profile|x64.ActiveCfg = Profile|x64
		{1281C34C-BB08-3ABF-9B1B-13D9747DB6B8}.Profile|x64.Build.0 = Profile|x64
		{1281C34C-BB08-3ABF-9B1B-13D9747DB6B8}.Release|x64.ActiveCfg = Release|x64
		{1281C34C-BB08-3ABF-9B1B-13D9747DB6B8}.Release|x64.Build.0 = Release|x64
		{8FEC3C07-3847-31E9-ABD9-32643BBCBE0D}.Debug|x64.ActiveCfg = Debug|x64
		{8FEC3C07-3847-31E9-ABD9-32643BBCBE0D}.Debug|x64.Build.0 = Debug|x64
		{8FEC3C07-3847-31E9-ABD9-32643BBCBE0D}.Profile|x64.ActiveCfg = Profile|x64
		{8FEC3C07-3847-31E9-ABD9-32643BBCBE0D}.Profile|x64.Build.0 = Profile|x64
		{8FEC3C07-3847-31E9-ABD9-32643BBCBE0D}.Release|x64.ActiveCfg = Release|x64
		{8FEC3C07-3847-31E9-ABD9-32643BBCBE0D}.Release|x64.Build.0 = Release|x64
		{D06982D8-5F98-3714-B2F6-E374EA88A382}.Debug|x64.ActiveCfg = Debug|x64
		{D06982D8-5F98-3714-B2F6-E374EA88A382}.Debug|x64.Build.0 = Debug|x64
		{D06982D8-5F98-3714-B2F6-E374EA88A382}.Profile|x64.ActiveCfg = Profile|x64
		{D06982D8-5F98-3714-B2F6-E374EA88A382}.Profile|x64.Build.0 = Profile|x64
		{D06982D8-5F98-3714-B2F6-E374EA88A382}.Release|x64.ActiveCfg = Release|x64
		{D06982D8-5F98-3714-B2F6-E374EA88A382}.Release|x64.Build.0 = Release|x64
		{04139E88-9186-3833-8818-38921F73C31C}.Debug|x64.ActiveCfg = Debug|x64
		{04139E88-9186-3833-8818-38921F73C31C}.Profile|x64.ActiveCfg = Profile|x64
		{04139E88-9186-3833-8818-38921F73C31C}.Release|x64.ActiveCfg = Release|x64
		{00DF86F8-1B37-388E-B957-5FEA8B7C64CC}.Debug|x64.ActiveCfg = Debug|x64
		{00DF86F8-1B37-388E-B957-5FEA8B7C64CC}.Debug|x64.Build.0 = Debug|x64
		{00DF86F8-1B37-388E-B957-5FEA8B7C64CC}.Profile|x64.ActiveCfg = Profile|x64
		{00DF86F8-1B37-388E-B957-5FEA8B7C64CC}.Profile|x64.Build.0 = Profile|x64
		{00DF86F8-1B37-388E-B957-5FEA8B7C64CC}.Release|x64.ActiveCfg = Release|x64
		{00DF86F8-1B37-388E-B957-5FEA8B7C64CC}.Release|x64.Build.0 = Release|x64
	EndGlobalSection
	GlobalSection(NestedProjects) = preSolution
		{E8BCB6E4-1CF8-3394-B75C-AAA72AA8BFE1} = {D1E6D326-7BB5-365D-8456-591659985EF4}
		{04139E88-9186-3833-8818-38921F73C31C} = {D1E6D326-7BB5-365D-8456-591659985EF4}
		{00DF86F8-1B37-388E-B957-5FEA8B7C64CC} = {D1E6D326-7BB5-365D-8456-591659985EF4}
		{8FEC3C07-3847-31E9-ABD9-32643BBCBE0D} = {E77D675E-90A9-3225-AEB1-717886B36EC3}
	EndGlobalSection
	GlobalSection(ExtensibilityGlobals) = postSolution
		SolutionGuid = {F59D5CE3-5118-3FF1-9132-EFFF6E31A3F0}
	EndGlobalSection
	GlobalSection(ExtensibilityAddIns) = postSolution
	EndGlobalSection
EndGlobal
